{
  "name": "tinybuildapp7977",
  "version": "0.0.0",
  "lockfileVersion": 2,
  "requires": true,
  "packages": {
    "": {
      "name": "tinybuildapp7977",
      "version": "0.0.0",
      "license": "AGPL-3.0-or-later",
      "dependencies": {
        "@dimforge/rapier2d-compat": "^0.10.0",
        "@dimforge/rapier3d-compat": "^0.10.0",
        "@types/keyboardjs": "^2.5.0",
        "babylonjs": "^5.43.0",
        "graphscript": "^0.2.58",
        "keyboardjs": "^2.7.0",
        "recast-detour": "^1.6.2",
        "three": "^0.148.0"
      }
    },
    "../../../AppData/Roaming/npm/node_modules/tinybuild": {
      "version": "0.3.192",
      "extraneous": true,
      "license": "AGPL-3.0-or-later",
      "dependencies": {
        "chokidar": "~3.5.3",
        "esbuild": "~0.14.49",
        "ws": "^8.5.0"
      },
      "bin": {
        "tinybuild": "tinybuild/bin/global.js"
      },
      "peerDependencies": {
        "typescript": "~4.6.4"
      }
    },
    "node_modules/@dimforge/rapier2d-compat": {
      "version": "0.10.0",
      "resolved": "https://registry.npmjs.org/@dimforge/rapier2d-compat/-/rapier2d-compat-0.10.0.tgz",
      "integrity": "sha512-Sozh5Sp8xNyvYmCj3+P7mkXaIz5s6YCGzWZdF3GE7G6IpFB0xLUlSwgaRRAYuiNKqqahXKhQ4XCHbbG6KYeCnw=="
    },
    "node_modules/@dimforge/rapier3d-compat": {
      "version": "0.10.0",
      "resolved": "https://registry.npmjs.org/@dimforge/rapier3d-compat/-/rapier3d-compat-0.10.0.tgz",
      "integrity": "sha512-3SPxyAnPQz9P3cIhgF8VncwJwrqyAW2xsNEYgXbxDhvB2IaIG63eTX7rNIJUnec5FDYqgvVo/nqY1XarzT5T2Q=="
    },
    "node_modules/@types/emscripten": {
      "version": "1.39.6",
      "resolved": "https://registry.npmjs.org/@types/emscripten/-/emscripten-1.39.6.tgz",
      "integrity": "sha512-H90aoynNhhkQP6DRweEjJp5vfUVdIj7tdPLsu7pq89vODD/lcugKfZOsfgwpvM6XUewEp2N5dCg1Uf3Qe55Dcg=="
    },
    "node_modules/@types/keyboardjs": {
      "version": "2.5.0",
      "resolved": "https://registry.npmjs.org/@types/keyboardjs/-/keyboardjs-2.5.0.tgz",
      "integrity": "sha512-tGU6Lz04lDNH+N3AZYIWVeBza2ZSaLlZuSkzi38zSFSuh6DgVqBdqgkX+OS+jg1vwlw5XzS5MASY44fr9C12Yg=="
    },
    "node_modules/babylonjs": {
      "version": "5.43.0",
      "resolved": "https://registry.npmjs.org/babylonjs/-/babylonjs-5.43.0.tgz",
      "integrity": "sha512-rSsMcbBe8EqboIeQ+NfoPoRPks+FaU/QgjeJZH9I4M4yC4LCQpUVQjvq5X72wsazSRrqQBlspaLrPFazkTl4nw==",
      "hasInstallScript": true
    },
    "node_modules/better-sse": {
      "version": "0.8.0",
      "resolved": "https://registry.npmjs.org/better-sse/-/better-sse-0.8.0.tgz",
      "integrity": "sha512-ymOse8R0L+R2S1W85yOGkkc+yTzAmo52S4erjxPyBVwpqjpS+X228BG7hDwgKsGV/D51YhCYd+eaDwJ+sL5JhA==",
      "engines": {
        "node": ">=12",
        "pnpm": ">=6"
      }
    },
    "node_modules/brainsatplay-math": {
      "version": "0.0.25",
      "resolved": "https://registry.npmjs.org/brainsatplay-math/-/brainsatplay-math-0.0.25.tgz",
      "integrity": "sha512-J2s+/4osnjVVqqKVwuCuYbr9eGhXF4eFsGq/ImPIHICx0+1hJHoUN1XVCyiC8rOM7Nf0/8mmtVknzEeayVc7sQ=="
    },
    "node_modules/bson-objectid": {
      "version": "2.0.4",
      "resolved": "https://registry.npmjs.org/bson-objectid/-/bson-objectid-2.0.4.tgz",
      "integrity": "sha512-vgnKAUzcDoa+AeyYwXCoHyF2q6u/8H46dxu5JN+4/TZeq/Dlinn0K6GvxsCLb3LHUJl0m/TLiEK31kUwtgocMQ=="
    },
    "node_modules/graphscript": {
      "version": "0.2.58",
      "resolved": "https://registry.npmjs.org/graphscript/-/graphscript-0.2.58.tgz",
      "integrity": "sha512-m2+dP2gIEoOW4Sg3UiXCZXG64C+WQ5pwu/OfaBJlbUYFJ4PwXh7SiBOZrDE6l+66Wq9xAUiiU7jtc+YBnWrYWQ==",
      "dependencies": {
        "better-sse": "~0.8.0",
        "brainsatplay-math": "~0.0.25",
        "bson-objectid": "~2.0.3",
        "web-worker": "~1.2.0",
        "ws": "~8.11.0"
      }
    },
    "node_modules/keyboardjs": {
      "version": "2.7.0",
      "resolved": "https://registry.npmjs.org/keyboardjs/-/keyboardjs-2.7.0.tgz",
      "integrity": "sha512-3tiQuAoLM1M5Xyo/eQVaqsq9joByTRkB0Byga+0S7BYJvY4HIlfW0SofOj4a20YSAFjv0SIFU/lw+Qjp6KYHPA=="
    },
    "node_modules/recast-detour": {
      "version": "1.6.2",
      "resolved": "https://registry.npmjs.org/recast-detour/-/recast-detour-1.6.2.tgz",
      "integrity": "sha512-8MYHi+HPUYabDtcL6HNStCDVTNNDXDywqLtkc7W8o135xCP7a4iQuFmuqJ/KMgiiorTKq9Ocl7BHWHzLmASn/g==",
      "dependencies": {
        "@types/emscripten": "^1.39.6"
      }
    },
    "node_modules/three": {
      "version": "0.148.0",
      "resolved": "https://registry.npmjs.org/three/-/three-0.148.0.tgz",
      "integrity": "sha512-8uzVV+qhTPi0bOFs/3te3RW6hb3urL8jYEl6irjCWo/l6sr8MPNMcClFev/MMYeIxr0gmDcoXTy/8LXh/LXkfw=="
    },
    "node_modules/web-worker": {
      "version": "1.2.0",
      "resolved": "https://registry.npmjs.org/web-worker/-/web-worker-1.2.0.tgz",
      "integrity": "sha512-PgF341avzqyx60neE9DD+XS26MMNMoUQRz9NOZwW32nPQrF6p77f1htcnjBSEV8BGMKZ16choqUG4hyI0Hx7mA=="
    },
    "node_modules/ws": {
      "version": "8.11.0",
      "resolved": "https://registry.npmjs.org/ws/-/ws-8.11.0.tgz",
      "integrity": "sha512-HPG3wQd9sNQoT9xHyNCXoDUa+Xw/VevmY9FoHyQ+g+rrMn4j6FB4np7Z0OhdTgjx6MgQLK7jwSy1YecU1+4Asg==",
      "engines": {
        "node": ">=10.0.0"
      },
      "peerDependencies": {
        "bufferutil": "^4.0.1",
        "utf-8-validate": "^5.0.2"
      },
      "peerDependenciesMeta": {
        "bufferutil": {
          "optional": true
        },
        "utf-8-validate": {
          "optional": true
        }
      }
    }
  },
  "dependencies": {
    "@dimforge/rapier2d-compat": {
      "version": "0.10.0",
      "resolved": "https://registry.npmjs.org/@dimforge/rapier2d-compat/-/rapier2d-compat-0.10.0.tgz",
      "integrity": "sha512-Sozh5Sp8xNyvYmCj3+P7mkXaIz5s6YCGzWZdF3GE7G6IpFB0xLUlSwgaRRAYuiNKqqahXKhQ4XCHbbG6KYeCnw=="
    },
    "@dimforge/rapier3d-compat": {
      "version": "0.10.0",
      "resolved": "https://registry.npmjs.org/@dimforge/rapier3d-compat/-/rapier3d-compat-0.10.0.tgz",
      "integrity": "sha512-3SPxyAnPQz9P3cIhgF8VncwJwrqyAW2xsNEYgXbxDhvB2IaIG63eTX7rNIJUnec5FDYqgvVo/nqY1XarzT5T2Q=="
    },
    "@types/emscripten": {
      "version": "1.39.6",
      "resolved": "https://registry.npmjs.org/@types/emscripten/-/emscripten-1.39.6.tgz",
      "integrity": "sha512-H90aoynNhhkQP6DRweEjJp5vfUVdIj7tdPLsu7pq89vODD/lcugKfZOsfgwpvM6XUewEp2N5dCg1Uf3Qe55Dcg=="
    },
    "@types/keyboardjs": {
      "version": "2.5.0",
      "resolved": "https://registry.npmjs.org/@types/keyboardjs/-/keyboardjs-2.5.0.tgz",
      "integrity": "sha512-tGU6Lz04lDNH+N3AZYIWVeBza2ZSaLlZuSkzi38zSFSuh6DgVqBdqgkX+OS+jg1vwlw5XzS5MASY44fr9C12Yg=="
    },
    "babylonjs": {
      "version": "5.43.0",
      "resolved": "https://registry.npmjs.org/babylonjs/-/babylonjs-5.43.0.tgz",
      "integrity": "sha512-rSsMcbBe8EqboIeQ+NfoPoRPks+FaU/QgjeJZH9I4M4yC4LCQpUVQjvq5X72wsazSRrqQBlspaLrPFazkTl4nw=="
    },
    "better-sse": {
      "version": "0.8.0",
      "resolved": "https://registry.npmjs.org/better-sse/-/better-sse-0.8.0.tgz",
      "integrity": "sha512-ymOse8R0L+R2S1W85yOGkkc+yTzAmo52S4erjxPyBVwpqjpS+X228BG7hDwgKsGV/D51YhCYd+eaDwJ+sL5JhA=="
    },
    "brainsatplay-math": {
      "version": "0.0.25",
      "resolved": "https://registry.npmjs.org/brainsatplay-math/-/brainsatplay-math-0.0.25.tgz",
      "integrity": "sha512-J2s+/4osnjVVqqKVwuCuYbr9eGhXF4eFsGq/ImPIHICx0+1hJHoUN1XVCyiC8rOM7Nf0/8mmtVknzEeayVc7sQ=="
    },
    "bson-objectid": {
      "version": "2.0.4",
      "resolved": "https://registry.npmjs.org/bson-objectid/-/bson-objectid-2.0.4.tgz",
      "integrity": "sha512-vgnKAUzcDoa+AeyYwXCoHyF2q6u/8H46dxu5JN+4/TZeq/Dlinn0K6GvxsCLb3LHUJl0m/TLiEK31kUwtgocMQ=="
    },
    "graphscript": {
      "version": "0.2.58",
      "resolved": "https://registry.npmjs.org/graphscript/-/graphscript-0.2.58.tgz",
      "integrity": "sha512-m2+dP2gIEoOW4Sg3UiXCZXG64C+WQ5pwu/OfaBJlbUYFJ4PwXh7SiBOZrDE6l+66Wq9xAUiiU7jtc+YBnWrYWQ==",
      "requires": {
        "better-sse": "~0.8.0",
        "brainsatplay-math": "~0.0.25",
        "bson-objectid": "~2.0.3",
        "web-worker": "~1.2.0",
        "ws": "~8.11.0"
      }
    },
    "keyboardjs": {
      "version": "2.7.0",
      "resolved": "https://registry.npmjs.org/keyboardjs/-/keyboardjs-2.7.0.tgz",
      "integrity": "sha512-3tiQuAoLM1M5Xyo/eQVaqsq9joByTRkB0Byga+0S7BYJvY4HIlfW0SofOj4a20YSAFjv0SIFU/lw+Qjp6KYHPA=="
    },
    "recast-detour": {
      "version": "1.6.2",
      "resolved": "https://registry.npmjs.org/recast-detour/-/recast-detour-1.6.2.tgz",
      "integrity": "sha512-8MYHi+HPUYabDtcL6HNStCDVTNNDXDywqLtkc7W8o135xCP7a4iQuFmuqJ/KMgiiorTKq9Ocl7BHWHzLmASn/g==",
      "requires": {
        "@types/emscripten": "^1.39.6"
      }
    },
    "three": {
      "version": "0.148.0",
      "resolved": "https://registry.npmjs.org/three/-/three-0.148.0.tgz",
      "integrity": "sha512-8uzVV+qhTPi0bOFs/3te3RW6hb3urL8jYEl6irjCWo/l6sr8MPNMcClFev/MMYeIxr0gmDcoXTy/8LXh/LXkfw=="
    },
    "web-worker": {
      "version": "1.2.0",
      "resolved": "https://registry.npmjs.org/web-worker/-/web-worker-1.2.0.tgz",
      "integrity": "sha512-PgF341avzqyx60neE9DD+XS26MMNMoUQRz9NOZwW32nPQrF6p77f1htcnjBSEV8BGMKZ16choqUG4hyI0Hx7mA=="
    },
    "ws": {
      "version": "8.11.0",
      "resolved": "https://registry.npmjs.org/ws/-/ws-8.11.0.tgz",
      "integrity": "sha512-HPG3wQd9sNQoT9xHyNCXoDUa+Xw/VevmY9FoHyQ+g+rrMn4j6FB4np7Z0OhdTgjx6MgQLK7jwSy1YecU1+4Asg==",
      "requires": {}
    }
  }
}
